
Microsoft Visual Studio Solution File, Format Version 11.00
# Visual Studio 2010
Project("{FAE04EC0-301F-11D3-BF4B-00C04F79EFBC}") = "EmuBench", "EmuBench\EmuBench.csproj", "{FB519686-2D03-4A3E-BF69-C6756C8AF386}"
EndProject
Global
	GlobalSection(SolutionConfigurationPlatforms) = preSolution
		Debug|x86 = Debug|x86
		Release|x86 = Release|x86
	EndGlobalSection
	GlobalSection(ProjectConfigurationPlatforms) = postSolution
		{FB519686-2D03-4A3E-BF69-C6756C8AF386}.Debug|x86.ActiveCfg = Debug|x86
		{FB519686-2D03-4A3E-BF69-C6756C8AF386}.Debug|x86.Build.0 = Debug|x86
		{FB519686-2D03-4A3E-BF69-C6756C8AF386}.Release|x86.ActiveCfg = Release|x86
		{FB519686-2D03-4A3E-BF69-C6756C8AF386}.Release|x86.Build.0 = Release|x86
	EndGlobalSection
	GlobalSection(SolutionProperties) = preSolution
		HideSolutionNode = FALSE
	EndGlobalSection
EndGlobal
